
Microsoft Visual Studio Solution File, Format Version 12.00
# Visual Studio 15
VisualStudioVersion = 15.0.26430.6
MinimumVisualStudioVersion = 10.0.40219.1
Project("{FAE04EC0-301F-11D3-BF4B-00C04F79EFBC}") = "tccFacebook", "tccFacebook\tccFacebook.csproj", "{938B9B7E-D508-4F92-8256-60E054B0E93A}"
EndProject
Project("{FAE04EC0-301F-11D3-BF4B-00C04F79EFBC}") = "tccFacebook.Tests", "tccFacebook.Tests\tccFacebook.Tests.csproj", "{9E31B0C3-A37C-42E7-86EC-D67DCC61D729}"
EndProject
Global
	GlobalSection(SolutionConfigurationPlatforms) = preSolution
		Debug|Any CPU = Debug|Any CPU
		Release|Any CPU = Release|Any CPU
	EndGlobalSection
	GlobalSection(ProjectConfigurationPlatforms) = postSolution
		{938B9B7E-D508-4F92-8256-60E054B0E93A}.Debug|Any CPU.ActiveCfg = Debug|Any CPU
		{938B9B7E-D508-4F92-8256-60E054B0E93A}.Debug|Any CPU.Build.0 = Debug|Any CPU
		{938B9B7E-D508-4F92-8256-60E054B0E93A}.Release|Any CPU.ActiveCfg = Release|Any CPU
		{938B9B7E-D508-4F92-8256-60E054B0E93A}.Release|Any CPU.Build.0 = Release|Any CPU
		{9E31B0C3-A37C-42E7-86EC-D67DCC61D729}.Debug|Any CPU.ActiveCfg = Debug|Any CPU
		{9E31B0C3-A37C-42E7-86EC-D67DCC61D729}.Debug|Any CPU.Build.0 = Debug|Any CPU
		{9E31B0C3-A37C-42E7-86EC-D67DCC61D729}.Release|Any CPU.ActiveCfg = Release|Any CPU
		{9E31B0C3-A37C-42E7-86EC-D67DCC61D729}.Release|Any CPU.Build.0 = Release|Any CPU
	EndGlobalSection
	GlobalSection(SolutionProperties) = preSolution
		HideSolutionNode = FALSE
	EndGlobalSection
EndGlobal
