
Microsoft Visual Studio Solution File, Format Version 12.00
# Visual Studio 15
VisualStudioVersion = 15.0.26430.6
MinimumVisualStudioVersion = 10.0.40219.1
Project("{FAE04EC0-301F-11D3-BF4B-00C04F79EFBC}") = "Ideky.Api", "Ideky.Api\Ideky.Api.csproj", "{281E3873-5219-4263-AEAB-B92EF5B19702}"
EndProject
Project("{FAE04EC0-301F-11D3-BF4B-00C04F79EFBC}") = "Ideky.Tests", "Ideky.Tests\Ideky.Tests.csproj", "{08D7B8F8-5A33-4202-BDF1-8C9AC3B11466}"
EndProject
Project("{FAE04EC0-301F-11D3-BF4B-00C04F79EFBC}") = "Ideky.Domain", "Ideky.Domain\Ideky.Domain.csproj", "{3949B8E9-8126-4C64-B979-7A127A74FDE6}"
EndProject
Project("{FAE04EC0-301F-11D3-BF4B-00C04F79EFBC}") = "Ideky.Infrastructure", "Ideky.Infrastructure\Ideky.Infrastructure.csproj", "{38CC7C2C-EEC7-43BD-BC51-86F02ABD918D}"
EndProject
Global
	GlobalSection(SolutionConfigurationPlatforms) = preSolution
		Debug|Any CPU = Debug|Any CPU
		Release|Any CPU = Release|Any CPU
	EndGlobalSection
	GlobalSection(ProjectConfigurationPlatforms) = postSolution
		{281E3873-5219-4263-AEAB-B92EF5B19702}.Debug|Any CPU.ActiveCfg = Debug|Any CPU
		{281E3873-5219-4263-AEAB-B92EF5B19702}.Debug|Any CPU.Build.0 = Debug|Any CPU
		{281E3873-5219-4263-AEAB-B92EF5B19702}.Release|Any CPU.ActiveCfg = Release|Any CPU
		{281E3873-5219-4263-AEAB-B92EF5B19702}.Release|Any CPU.Build.0 = Release|Any CPU
		{08D7B8F8-5A33-4202-BDF1-8C9AC3B11466}.Debug|Any CPU.ActiveCfg = Debug|Any CPU
		{08D7B8F8-5A33-4202-BDF1-8C9AC3B11466}.Debug|Any CPU.Build.0 = Debug|Any CPU
		{08D7B8F8-5A33-4202-BDF1-8C9AC3B11466}.Release|Any CPU.ActiveCfg = Release|Any CPU
		{08D7B8F8-5A33-4202-BDF1-8C9AC3B11466}.Release|Any CPU.Build.0 = Release|Any CPU
		{3949B8E9-8126-4C64-B979-7A127A74FDE6}.Debug|Any CPU.ActiveCfg = Debug|Any CPU
		{3949B8E9-8126-4C64-B979-7A127A74FDE6}.Debug|Any CPU.Build.0 = Debug|Any CPU
		{3949B8E9-8126-4C64-B979-7A127A74FDE6}.Release|Any CPU.ActiveCfg = Release|Any CPU
		{3949B8E9-8126-4C64-B979-7A127A74FDE6}.Release|Any CPU.Build.0 = Release|Any CPU
		{38CC7C2C-EEC7-43BD-BC51-86F02ABD918D}.Debug|Any CPU.ActiveCfg = Debug|Any CPU
		{38CC7C2C-EEC7-43BD-BC51-86F02ABD918D}.Debug|Any CPU.Build.0 = Debug|Any CPU
		{38CC7C2C-EEC7-43BD-BC51-86F02ABD918D}.Release|Any CPU.ActiveCfg = Release|Any CPU
		{38CC7C2C-EEC7-43BD-BC51-86F02ABD918D}.Release|Any CPU.Build.0 = Release|Any CPU
	EndGlobalSection
	GlobalSection(SolutionProperties) = preSolution
		HideSolutionNode = FALSE
	EndGlobalSection
EndGlobal
